
Microsoft Visual Studio Solution File, Format Version 12.00
Project("{FAE04EC0-301F-11D3-BF4B-00C04F79EFBC}") = "Drawing.Search.UI.WPF", "Drawing.Search.UI.WPF\Drawing.Search.UI.WPF.csproj", "{B5B0D886-D70A-4897-B4BB-49BF04CC7667}"
EndProject
Project("{FAE04EC0-301F-11D3-BF4B-00C04F79EFBC}") = "Drawing.Search.Domain", "Drawing.Search.Domain\Drawing.Search.Domain.csproj", "{6202D4E1-9D38-4691-A987-3E9CA304007E}"
EndProject
Project("{FAE04EC0-301F-11D3-BF4B-00C04F79EFBC}") = "Drawing.Search.Application", "Drawing.Search.Application\Drawing.Search.Application.csproj", "{117F2F75-1F07-49CA-BAFC-384DBB55FB95}"
EndProject
Project("{FAE04EC0-301F-11D3-BF4B-00C04F79EFBC}") = "Drawing.Search.Infrastructure", "Drawing.Search.Infrastructure\Drawing.Search.Infrastructure.csproj", "{36C42F0D-C873-4F69-A862-3F1F56E57B8C}"
EndProject
Project("{FAE04EC0-301F-11D3-BF4B-00C04F79EFBC}") = "Drawing.Search.UI.Common", "Drawing.Search.UI.Common\Drawing.Search.UI.Common.csproj", "{3557A634-68FC-48D9-BAEA-545148E6A4C4}"
EndProject
Global
	GlobalSection(SolutionConfigurationPlatforms) = preSolution
		Debug|Any CPU = Debug|Any CPU
		Release|Any CPU = Release|Any CPU
	EndGlobalSection
	GlobalSection(ProjectConfigurationPlatforms) = postSolution
		{B5B0D886-D70A-4897-B4BB-49BF04CC7667}.Debug|Any CPU.ActiveCfg = Debug|Any CPU
		{B5B0D886-D70A-4897-B4BB-49BF04CC7667}.Debug|Any CPU.Build.0 = Debug|Any CPU
		{B5B0D886-D70A-4897-B4BB-49BF04CC7667}.Release|Any CPU.ActiveCfg = Release|Any CPU
		{B5B0D886-D70A-4897-B4BB-49BF04CC7667}.Release|Any CPU.Build.0 = Release|Any CPU
		{6202D4E1-9D38-4691-A987-3E9CA304007E}.Debug|Any CPU.ActiveCfg = Debug|Any CPU
		{6202D4E1-9D38-4691-A987-3E9CA304007E}.Debug|Any CPU.Build.0 = Debug|Any CPU
		{6202D4E1-9D38-4691-A987-3E9CA304007E}.Release|Any CPU.ActiveCfg = Release|Any CPU
		{6202D4E1-9D38-4691-A987-3E9CA304007E}.Release|Any CPU.Build.0 = Release|Any CPU
		{117F2F75-1F07-49CA-BAFC-384DBB55FB95}.Debug|Any CPU.ActiveCfg = Debug|Any CPU
		{117F2F75-1F07-49CA-BAFC-384DBB55FB95}.Debug|Any CPU.Build.0 = Debug|Any CPU
		{117F2F75-1F07-49CA-BAFC-384DBB55FB95}.Release|Any CPU.ActiveCfg = Release|Any CPU
		{117F2F75-1F07-49CA-BAFC-384DBB55FB95}.Release|Any CPU.Build.0 = Release|Any CPU
		{36C42F0D-C873-4F69-A862-3F1F56E57B8C}.Debug|Any CPU.ActiveCfg = Debug|Any CPU
		{36C42F0D-C873-4F69-A862-3F1F56E57B8C}.Debug|Any CPU.Build.0 = Debug|Any CPU
		{36C42F0D-C873-4F69-A862-3F1F56E57B8C}.Release|Any CPU.ActiveCfg = Release|Any CPU
		{36C42F0D-C873-4F69-A862-3F1F56E57B8C}.Release|Any CPU.Build.0 = Release|Any CPU
		{3557A634-68FC-48D9-BAEA-545148E6A4C4}.Debug|Any CPU.ActiveCfg = Debug|Any CPU
		{3557A634-68FC-48D9-BAEA-545148E6A4C4}.Debug|Any CPU.Build.0 = Debug|Any CPU
		{3557A634-68FC-48D9-BAEA-545148E6A4C4}.Release|Any CPU.ActiveCfg = Release|Any CPU
		{3557A634-68FC-48D9-BAEA-545148E6A4C4}.Release|Any CPU.Build.0 = Release|Any CPU
	EndGlobalSection
EndGlobal
